
Microsoft Visual Studio Solution File, Format Version 12.00
Project("{FAE04EC0-301F-11D3-BF4B-00C04F79EFBC}") = "BlazorServerAndStatic", "BlazorServerAndStatic\BlazorServerAndStatic.csproj", "{45901E66-3447-4404-93D1-23FDCB761413}"
EndProject
Global
	GlobalSection(SolutionConfigurationPlatforms) = preSolution
		Debug|Any CPU = Debug|Any CPU
		Release|Any CPU = Release|Any CPU
	EndGlobalSection
	GlobalSection(ProjectConfigurationPlatforms) = postSolution
		{45901E66-3447-4404-93D1-23FDCB761413}.Debug|Any CPU.ActiveCfg = Debug|Any CPU
		{45901E66-3447-4404-93D1-23FDCB761413}.Debug|Any CPU.Build.0 = Debug|Any CPU
		{45901E66-3447-4404-93D1-23FDCB761413}.Release|Any CPU.ActiveCfg = Release|Any CPU
		{45901E66-3447-4404-93D1-23FDCB761413}.Release|Any CPU.Build.0 = Release|Any CPU
	EndGlobalSection
EndGlobal
